
Microsoft Visual Studio Solution File, Format Version 12.00
# Visual Studio Version 17
VisualStudioVersion = 17.11.35327.3
MinimumVisualStudioVersion = 10.0.40219.1
Project("{2150E333-8FDC-42A3-9474-1A3956D46DE8}") = "src", "src", "{2A15F61D-3B92-4BF5-8F79-A21C91875942}"
EndProject
Project("{FAE04EC0-301F-11D3-BF4B-00C04F79EFBC}") = "API", "src\API\API.csproj", "{B3DAA1DB-7CAB-421E-9A25-3768C561E11B}"
EndProject
Project("{FAE04EC0-301F-11D3-BF4B-00C04F79EFBC}") = "PWA", "src\PWA\PWA.csproj", "{0B2F29A3-26E5-4718-95F7-955198274BA1}"
EndProject
Global
	GlobalSection(SolutionConfigurationPlatforms) = preSolution
		Debug|Any CPU = Debug|Any CPU
		Release|Any CPU = Release|Any CPU
	EndGlobalSection
	GlobalSection(ProjectConfigurationPlatforms) = postSolution
		{B3DAA1DB-7CAB-421E-9A25-3768C561E11B}.Debug|Any CPU.ActiveCfg = Debug|Any CPU
		{B3DAA1DB-7CAB-421E-9A25-3768C561E11B}.Debug|Any CPU.Build.0 = Debug|Any CPU
		{B3DAA1DB-7CAB-421E-9A25-3768C561E11B}.Release|Any CPU.ActiveCfg = Release|Any CPU
		{B3DAA1DB-7CAB-421E-9A25-3768C561E11B}.Release|Any CPU.Build.0 = Release|Any CPU
		{0B2F29A3-26E5-4718-95F7-955198274BA1}.Debug|Any CPU.ActiveCfg = Debug|Any CPU
		{0B2F29A3-26E5-4718-95F7-955198274BA1}.Debug|Any CPU.Build.0 = Debug|Any CPU
		{0B2F29A3-26E5-4718-95F7-955198274BA1}.Release|Any CPU.ActiveCfg = Release|Any CPU
		{0B2F29A3-26E5-4718-95F7-955198274BA1}.Release|Any CPU.Build.0 = Release|Any CPU
	EndGlobalSection
	GlobalSection(SolutionProperties) = preSolution
		HideSolutionNode = FALSE
	EndGlobalSection
	GlobalSection(ExtensibilityGlobals) = postSolution
		SolutionGuid = {45E7FFA4-1909-44DE-9C20-A6DBE7F4F577}
	EndGlobalSection
	GlobalSection(NestedProjects) = preSolution
		{B3DAA1DB-7CAB-421E-9A25-3768C561E11B} = {2A15F61D-3B92-4BF5-8F79-A21C91875942}
		{0B2F29A3-26E5-4718-95F7-955198274BA1} = {2A15F61D-3B92-4BF5-8F79-A21C91875942}
	EndGlobalSection
EndGlobal
